<?xml version="1.0" encoding="utf-8"?>
<Project ToolsVersion="4.0" xmlns="http://schemas.microsoft.com/developer/msbuild/2003">
  <ItemGroup>
    <Filter Include="Resource Files">
      <UniqueIdentifier>{67DA6AB6-F800-4c08-8B7A-83BB121AAD01}</UniqueIdentifier>
      <Extensions>rc;ico;cur;bmp;dlg;rc2;rct;bin;rgs;gif;jpg;jpeg;jpe;resx;tiff;tif;png;wav;mfcribbon-ms</Extensions>
    </Filter>
    <Filter Include="Systems">
      <UniqueIdentifier>{88980d5d-e9f8-4aec-8d63-4a3d0e715b17}</UniqueIdentifier>
    </Filter>
    <Filter Include="Main">
      <UniqueIdentifier>{0f8cd957-15d4-4055-a7ce-139d5d56d23e}</UniqueIdentifier>
    </Filter>
    <Filter Include="Systems\Headers">
      <UniqueIdentifier>{419b572f-013b-4a5c-a084-9f20953fc158}</UniqueIdentifier>
    </Filter>
    <Filter Include="Systems\Source">
      <UniqueIdentifier>{153384b5-8370-4266-871a-ad1c18fc317c}</UniqueIdentifier>
    </Filter>
    <Filter Include="Main\Headers">
      <UniqueIdentifier>{98da3119-242d-440b-93c8-bfdf214f2810}</UniqueIdentifier>
    </Filter>
    <Filter Include="Main\Source">
      <UniqueIdentifier>{3edd347d-9f85-4c9f-b9d1-7697c0fb3ce3}</UniqueIdentifier>
    </Filter>
    <Filter Include="Services">
      <UniqueIdentifier>{92205cab-c6d4-44ea-ac75-dbf1ac4f4dfc}</UniqueIdentifier>
    </Filter>
    <Filter Include="Components">
      <UniqueIdentifier>{61645047-84a4-4422-b787-185bc715e3c7}</UniqueIdentifier>
    </Filter>
    <Filter Include="Services\Headers">
      <UniqueIdentifier>{9b15e831-06bf-4529-90e2-f9df6d595af1}</UniqueIdentifier>
    </Filter>
    <Filter Include="Services\Source">
      <UniqueIdentifier>{c40322f4-aad7-4da3-aa8c-d499a39d3b8d}</UniqueIdentifier>
    </Filter>
    <Filter Include="Objects">
      <UniqueIdentifier>{377e772a-ae3d-4b3d-9abb-820956701b52}</UniqueIdentifier>
    </Filter>
    <Filter Include="Components\Headers">
      <UniqueIdentifier>{afa2238b-5dd2-4306-9660-143ef3f651e4}</UniqueIdentifier>
    </Filter>
    <Filter Include="Components\Source">
      <UniqueIdentifier>{27a4550d-8af3-48ca-8858-96650669d176}</UniqueIdentifier>
    </Filter>
    <Filter Include="Utilities">
      <UniqueIdentifier>{0aa9c4fd-1d47-4131-b022-76a5e37dbfc8}</UniqueIdentifier>
    </Filter>
    <Filter Include="Utilities\Headers">
      <UniqueIdentifier>{cb989171-efbd-4840-8a79-f174ef7331e2}</UniqueIdentifier>
    </Filter>
    <Filter Include="Utilities\Source">
      <UniqueIdentifier>{19ddf518-946d-4c92-967e-d5133b7ebc95}</UniqueIdentifier>
    </Filter>
    <Filter Include="Objects\Headers">
      <UniqueIdentifier>{87a1dbda-d4b7-48f0-a363-021067ac7f68}</UniqueIdentifier>
    </Filter>
    <Filter Include="Objects\Source">
      <UniqueIdentifier>{5592d32e-3eb8-4a9c-8f77-1070e0c3453a}</UniqueIdentifier>
    </Filter>
    <Filter Include="Tiny Xml">
      <UniqueIdentifier>{60809fa2-ab08-41b9-955a-1458ef7d4581}</UniqueIdentifier>
    </Filter>
  </ItemGroup>
  <ItemGroup>
    <Text Include="ReadMe.txt" />
  </ItemGroup>
  <ItemGroup>
    <ClCompile Include="InputSystem.cpp">
      <Filter>Systems\Source</Filter>
    </ClCompile>
    <ClCompile Include="SystemLocator.cpp">
      <Filter>Systems\Source</Filter>
    </ClCompile>
    <ClCompile Include="WindowSystem.cpp">
      <Filter>Systems\Source</Filter>
    </ClCompile>
    <ClCompile Include="StartUpParams.cpp">
      <Filter>Main\Source</Filter>
    </ClCompile>
    <ClCompile Include="MysterionEngine.cpp">
      <Filter>Main\Source</Filter>
    </ClCompile>
    <ClCompile Include="Main.cpp">
      <Filter>Main\Source</Filter>
    </ClCompile>
    <ClCompile Include="RenderSystem.cpp">
      <Filter>Systems\Source</Filter>
    </ClCompile>
    <ClCompile Include="Sprite.cpp">
      <Filter>Utilities\Source</Filter>
    </ClCompile>
    <ClCompile Include="Texture.cpp">
      <Filter>Utilities\Source</Filter>
    </ClCompile>
    <ClCompile Include="Service.cpp">
      <Filter>Services\Source</Filter>
    </ClCompile>
    <ClCompile Include="ServiceManager.cpp">
      <Filter>Services\Source</Filter>
    </ClCompile>
    <ClCompile Include="Vector3.cpp">
      <Filter>Utilities\Source</Filter>
    </ClCompile>
    <ClCompile Include="Component.cpp">
      <Filter>Components\Source</Filter>
    </ClCompile>
    <ClCompile Include="RenderComponent.cpp">
      <Filter>Components\Source</Filter>
    </ClCompile>
    <ClCompile Include="RenderService.cpp">
      <Filter>Services\Source</Filter>
    </ClCompile>
    <ClCompile Include="BasicRenderComponent.cpp">
      <Filter>Components\Source</Filter>
    </ClCompile>
    <ClCompile Include="InputService.cpp">
      <Filter>Services\Source</Filter>
    </ClCompile>
    <ClCompile Include="InputComponent.cpp">
      <Filter>Components\Source</Filter>
    </ClCompile>
    <ClCompile Include="Audio.cpp">
      <Filter>Utilities\Source</Filter>
    </ClCompile>
    <ClCompile Include="Music.cpp">
      <Filter>Utilities\Source</Filter>
    </ClCompile>
    <ClCompile Include="FontSprite.cpp">
      <Filter>Utilities\Source</Filter>
    </ClCompile>
    <ClCompile Include="UpdateComponent.cpp">
      <Filter>Components\Source</Filter>
    </ClCompile>
    <ClCompile Include="UpdateService.cpp">
      <Filter>Services\Source</Filter>
    </ClCompile>
    <ClCompile Include="AnimationComponent.cpp">
      <Filter>Components\Source</Filter>
    </ClCompile>
    <ClCompile Include="MovementComponent.cpp">
      <Filter>Components\Source</Filter>
    </ClCompile>
    <ClCompile Include="AnimationService.cpp">
      <Filter>Services\Source</Filter>
    </ClCompile>
    <ClCompile Include="AnimSprite.cpp">
      <Filter>Utilities\Source</Filter>
    </ClCompile>
    <ClCompile Include="SpriteAnimationComponent.cpp">
      <Filter>Components\Source</Filter>
    </ClCompile>
    <ClCompile Include="ValueAnimationComponent.cpp">
      <Filter>Components\Source</Filter>
    </ClCompile>
    <ClCompile Include="CorrectionComponent.cpp">
      <Filter>Components\Source</Filter>
    </ClCompile>
    <ClCompile Include="CorrectionService.cpp">
      <Filter>Services\Source</Filter>
    </ClCompile>
    <ClCompile Include="ResourceManager.cpp">
      <Filter>Utilities\Source</Filter>
    </ClCompile>
    <ClCompile Include="Object.cpp">
      <Filter>Objects\Source</Filter>
    </ClCompile>
    <ClCompile Include="ObjectManager.cpp">
      <Filter>Objects\Source</Filter>
    </ClCompile>
    <ClCompile Include="ObserverManager.cpp">
      <Filter>Utilities\Source</Filter>
    </ClCompile>
    <ClCompile Include="ticpp.cpp">
      <Filter>Tiny Xml</Filter>
    </ClCompile>
    <ClCompile Include="tinystr.cpp">
      <Filter>Tiny Xml</Filter>
    </ClCompile>
    <ClCompile Include="tinyxml.cpp">
      <Filter>Tiny Xml</Filter>
    </ClCompile>
    <ClCompile Include="tinyxmlerror.cpp">
      <Filter>Tiny Xml</Filter>
    </ClCompile>
    <ClCompile Include="tinyxmlparser.cpp">
      <Filter>Tiny Xml</Filter>
    </ClCompile>
    <ClCompile Include="ProMath.cpp">
      <Filter>Utilities\Source</Filter>
    </ClCompile>
  </ItemGroup>
  <ItemGroup>
    <ClInclude Include="InputSystem.h">
      <Filter>Systems\Headers</Filter>
    </ClInclude>
    <ClInclude Include="SystemLocator.h">
      <Filter>Systems\Headers</Filter>
    </ClInclude>
    <ClInclude Include="WindowSystem.h">
      <Filter>Systems\Headers</Filter>
    </ClInclude>
    <ClInclude Include="MysterionEngine.h">
      <Filter>Main\Headers</Filter>
    </ClInclude>
    <ClInclude Include="StartUpParams.h">
      <Filter>Main\Headers</Filter>
    </ClInclude>
    <ClInclude Include="Activity.h">
      <Filter>Main\Headers</Filter>
    </ClInclude>
    <ClInclude Include="RenderSystem.h">
      <Filter>Systems\Headers</Filter>
    </ClInclude>
    <ClInclude Include="Sprite.h">
      <Filter>Utilities\Headers</Filter>
    </ClInclude>
    <ClInclude Include="Texture.h">
      <Filter>Utilities\Headers</Filter>
    </ClInclude>
    <ClInclude Include="Service.h">
      <Filter>Services\Headers</Filter>
    </ClInclude>
    <ClInclude Include="ServiceManager.h">
      <Filter>Services\Headers</Filter>
    </ClInclude>
    <ClInclude Include="Vector3.h">
      <Filter>Utilities\Headers</Filter>
    </ClInclude>
    <ClInclude Include="Component.h">
      <Filter>Components\Headers</Filter>
    </ClInclude>
    <ClInclude Include="RenderComponent.h">
      <Filter>Components\Headers</Filter>
    </ClInclude>
    <ClInclude Include="RenderService.h">
      <Filter>Services\Headers</Filter>
    </ClInclude>
    <ClInclude Include="BasicRenderComponent.h">
      <Filter>Components\Headers</Filter>
    </ClInclude>
    <ClInclude Include="InputService.h">
      <Filter>Services\Headers</Filter>
    </ClInclude>
    <ClInclude Include="InputComponent.h">
      <Filter>Components\Headers</Filter>
    </ClInclude>
    <ClInclude Include="Audio.h">
      <Filter>Utilities\Headers</Filter>
    </ClInclude>
    <ClInclude Include="Music.h">
      <Filter>Utilities\Headers</Filter>
    </ClInclude>
    <ClInclude Include="FontSprite.h">
      <Filter>Utilities\Headers</Filter>
    </ClInclude>
    <ClInclude Include="UpdateComponent.h">
      <Filter>Components\Headers</Filter>
    </ClInclude>
    <ClInclude Include="UpdateService.h">
      <Filter>Services\Headers</Filter>
    </ClInclude>
    <ClInclude Include="AnimationComponent.h">
      <Filter>Components\Headers</Filter>
    </ClInclude>
    <ClInclude Include="MovementComponent.h">
      <Filter>Components\Headers</Filter>
    </ClInclude>
    <ClInclude Include="AnimationService.h">
      <Filter>Services\Headers</Filter>
    </ClInclude>
    <ClInclude Include="AnimSprite.h">
      <Filter>Utilities\Headers</Filter>
    </ClInclude>
    <ClInclude Include="SpriteAnimationComponent.h">
      <Filter>Components\Headers</Filter>
    </ClInclude>
    <ClInclude Include="ValueAnimationComponent.h">
      <Filter>Components\Headers</Filter>
    </ClInclude>
    <ClInclude Include="CorrectionComponent.h">
      <Filter>Components\Headers</Filter>
    </ClInclude>
    <ClInclude Include="CorrectionService.h">
      <Filter>Services\Headers</Filter>
    </ClInclude>
    <ClInclude Include="Resource.h">
      <Filter>Utilities\Headers</Filter>
    </ClInclude>
    <ClInclude Include="Object.h">
      <Filter>Objects\Headers</Filter>
    </ClInclude>
    <ClInclude Include="ObjectManager.h">
      <Filter>Objects\Headers</Filter>
    </ClInclude>
    <ClInclude Include="Observer.h">
      <Filter>Utilities\Headers</Filter>
    </ClInclude>
    <ClInclude Include="ObserverManager.h">
      <Filter>Utilities\Headers</Filter>
    </ClInclude>
    <ClInclude Include="ResourceManager.h">
      <Filter>Utilities\Headers</Filter>
    </ClInclude>
    <ClInclude Include="ticpp.h">
      <Filter>Tiny Xml</Filter>
    </ClInclude>
    <ClInclude Include="ticppapi.h">
      <Filter>Tiny Xml</Filter>
    </ClInclude>
    <ClInclude Include="ticpprc.h">
      <Filter>Tiny Xml</Filter>
    </ClInclude>
    <ClInclude Include="tinystr.h">
      <Filter>Tiny Xml</Filter>
    </ClInclude>
    <ClInclude Include="tinyxml.h">
      <Filter>Tiny Xml</Filter>
    </ClInclude>
    <ClInclude Include="ProMath.h">
      <Filter>Utilities\Headers</Filter>
    </ClInclude>
  </ItemGroup>
</Project>